
Microsoft Visual Studio Solution File, Format Version 12.00
# Visual Studio Version 16
VisualStudioVersion = 16.0.29418.71
MinimumVisualStudioVersion = 10.0.40219.1
Project("{9A19103F-16F7-4668-BE54-9A1E7A4F7556}") = "Miro.Core", "Miro.Core\Miro.Core.csproj", "{839B4209-7B44-4781-9C58-DA2F82F27039}"
EndProject
Project("{FAE04EC0-301F-11D3-BF4B-00C04F79EFBC}") = "LTP.Interop.OpenGL", "LTP.Interop.OpenGL\LTP.Interop.OpenGL.csproj", "{60AF4E70-1A0C-4E56-B152-F5D38B463057}"
EndProject
Global
	GlobalSection(SolutionConfigurationPlatforms) = preSolution
		Debug|Any CPU = Debug|Any CPU
		Release|Any CPU = Release|Any CPU
	EndGlobalSection
	GlobalSection(ProjectConfigurationPlatforms) = postSolution
		{839B4209-7B44-4781-9C58-DA2F82F27039}.Debug|Any CPU.ActiveCfg = Debug|Any CPU
		{839B4209-7B44-4781-9C58-DA2F82F27039}.Debug|Any CPU.Build.0 = Debug|Any CPU
		{839B4209-7B44-4781-9C58-DA2F82F27039}.Release|Any CPU.ActiveCfg = Release|Any CPU
		{839B4209-7B44-4781-9C58-DA2F82F27039}.Release|Any CPU.Build.0 = Release|Any CPU
		{60AF4E70-1A0C-4E56-B152-F5D38B463057}.Debug|Any CPU.ActiveCfg = Debug|Any CPU
		{60AF4E70-1A0C-4E56-B152-F5D38B463057}.Debug|Any CPU.Build.0 = Debug|Any CPU
		{60AF4E70-1A0C-4E56-B152-F5D38B463057}.Release|Any CPU.ActiveCfg = Release|Any CPU
		{60AF4E70-1A0C-4E56-B152-F5D38B463057}.Release|Any CPU.Build.0 = Release|Any CPU
	EndGlobalSection
	GlobalSection(SolutionProperties) = preSolution
		HideSolutionNode = FALSE
	EndGlobalSection
	GlobalSection(ExtensibilityGlobals) = postSolution
		SolutionGuid = {F5987E86-D570-4A53-9A31-18AFD22F673A}
	EndGlobalSection
EndGlobal
